// !$*UTF8*$!
{
	archiveVersion = 1;
	classes = {
	};
	objectVersion = 56;
	objects = {

/* Begin PBXBuildFile section */
		35405DDD2C540FD4004FFB30 /* Group_1_Final_projectApp.swift in Sources */ = {isa = PBXBuildFile; fileRef = 35405DDC2C540FD4004FFB30 /* Group_1_Final_projectApp.swift */; };
		35405DDF2C540FD4004FFB30 /* ContentView.swift in Sources */ = {isa = PBXBuildFile; fileRef = 35405DDE2C540FD4004FFB30 /* ContentView.swift */; };
		35405DE12C540FD7004FFB30 /* Assets.xcassets in Resources */ = {isa = PBXBuildFile; fileRef = 35405DE02C540FD7004FFB30 /* Assets.xcassets */; };
		35405DE42C540FD7004FFB30 /* Preview Assets.xcassets in Resources */ = {isa = PBXBuildFile; fileRef = 35405DE32C540FD7004FFB30 /* Preview Assets.xcassets */; };
		35405E2F2C593D03004FFB30 /* CalendarView.swift in Sources */ = {isa = PBXBuildFile; fileRef = 35405E2E2C593D03004FFB30 /* CalendarView.swift */; };
		35405E332C593EFF004FFB30 /* Home.swift in Sources */ = {isa = PBXBuildFile; fileRef = 35405E322C593EFF004FFB30 /* Home.swift */; };
		35405E352C593FC1004FFB30 /* CustomDatePicker.swift in Sources */ = {isa = PBXBuildFile; fileRef = 35405E342C593FC1004FFB30 /* CustomDatePicker.swift */; };
		35405E372C5953F5004FFB30 /* DateValue.swift in Sources */ = {isa = PBXBuildFile; fileRef = 35405E362C5953F5004FFB30 /* DateValue.swift */; };
		3571059A2C5A733C0067A193 /* Task.swift in Sources */ = {isa = PBXBuildFile; fileRef = 357105992C5A733C0067A193 /* Task.swift */; };
		357105A02C5BD1070067A193 /* JournalView.swift in Sources */ = {isa = PBXBuildFile; fileRef = 3571059F2C5BD1070067A193 /* JournalView.swift */; };
		357105A42C5D0AE20067A193 /* ToDoView.swift in Sources */ = {isa = PBXBuildFile; fileRef = 357105A32C5D0AE20067A193 /* ToDoView.swift */; };
		357105A62C5D0B0B0067A193 /* ToDoItem.swift in Sources */ = {isa = PBXBuildFile; fileRef = 357105A52C5D0B0B0067A193 /* ToDoItem.swift */; };
		357105A82C5D0B450067A193 /* NewToDoView.swift in Sources */ = {isa = PBXBuildFile; fileRef = 357105A72C5D0B450067A193 /* NewToDoView.swift */; };
/* End PBXBuildFile section */

/* Begin PBXFileReference section */
		35405DD92C540FD4004FFB30 /* Group 1 Final project.app */ = {isa = PBXFileReference; explicitFileType = wrapper.application; includeInIndex = 0; path = "Group 1 Final project.app"; sourceTree = BUILT_PRODUCTS_DIR; };
		35405DDC2C540FD4004FFB30 /* Group_1_Final_projectApp.swift */ = {isa = PBXFileReference; lastKnownFileType = sourcecode.swift; path = Group_1_Final_projectApp.swift; sourceTree = "<group>"; };
		35405DDE2C540FD4004FFB30 /* ContentView.swift */ = {isa = PBXFileReference; lastKnownFileType = sourcecode.swift; path = ContentView.swift; sourceTree = "<group>"; };
		35405DE02C540FD7004FFB30 /* Assets.xcassets */ = {isa = PBXFileReference; lastKnownFileType = folder.assetcatalog; path = Assets.xcassets; sourceTree = "<group>"; };
		35405DE32C540FD7004FFB30 /* Preview Assets.xcassets */ = {isa = PBXFileReference; lastKnownFileType = folder.assetcatalog; path = "Preview Assets.xcassets"; sourceTree = "<group>"; };
		35405E2E2C593D03004FFB30 /* CalendarView.swift */ = {isa = PBXFileReference; lastKnownFileType = sourcecode.swift; path = CalendarView.swift; sourceTree = "<group>"; };
		35405E322C593EFF004FFB30 /* Home.swift */ = {isa = PBXFileReference; lastKnownFileType = sourcecode.swift; path = Home.swift; sourceTree = "<group>"; };
		35405E342C593FC1004FFB30 /* CustomDatePicker.swift */ = {isa = PBXFileReference; lastKnownFileType = sourcecode.swift; path = CustomDatePicker.swift; sourceTree = "<group>"; };
		35405E362C5953F5004FFB30 /* DateValue.swift */ = {isa = PBXFileReference; lastKnownFileType = sourcecode.swift; path = DateValue.swift; sourceTree = "<group>"; };
		357105992C5A733C0067A193 /* Task.swift */ = {isa = PBXFileReference; lastKnownFileType = sourcecode.swift; path = Task.swift; sourceTree = "<group>"; };
		3571059F2C5BD1070067A193 /* JournalView.swift */ = {isa = PBXFileReference; lastKnownFileType = sourcecode.swift; path = JournalView.swift; sourceTree = "<group>"; };
		357105A32C5D0AE20067A193 /* ToDoView.swift */ = {isa = PBXFileReference; lastKnownFileType = sourcecode.swift; path = ToDoView.swift; sourceTree = "<group>"; };
		357105A52C5D0B0B0067A193 /* ToDoItem.swift */ = {isa = PBXFileReference; lastKnownFileType = sourcecode.swift; path = ToDoItem.swift; sourceTree = "<group>"; };
		357105A72C5D0B450067A193 /* NewToDoView.swift */ = {isa = PBXFileReference; lastKnownFileType = sourcecode.swift; path = NewToDoView.swift; sourceTree = "<group>"; };
/* End PBXFileReference section */

/* Begin PBXFrameworksBuildPhase section */
		35405DD62C540FD4004FFB30 /* Frameworks */ = {
			isa = PBXFrameworksBuildPhase;
			buildActionMask = 2147483647;
			files = (
			);
			runOnlyForDeploymentPostprocessing = 0;
		};
/* End PBXFrameworksBuildPhase section */

/* Begin PBXGroup section */
		35405DD02C540FD4004FFB30 = {
			isa = PBXGroup;
			children = (
				35405DDB2C540FD4004FFB30 /* Group 1 Final project */,
				35405DDA2C540FD4004FFB30 /* Products */,
			);
			sourceTree = "<group>";
		};
		35405DDA2C540FD4004FFB30 /* Products */ = {
			isa = PBXGroup;
			children = (
				35405DD92C540FD4004FFB30 /* Group 1 Final project.app */,
			);
			name = Products;
			sourceTree = "<group>";
		};
		35405DDB2C540FD4004FFB30 /* Group 1 Final project */ = {
			isa = PBXGroup;
			children = (
				35405E312C593EC7004FFB30 /* Model */,
				35405E302C593EB2004FFB30 /* View */,
				35405DDC2C540FD4004FFB30 /* Group_1_Final_projectApp.swift */,
				35405DDE2C540FD4004FFB30 /* ContentView.swift */,
				35405E342C593FC1004FFB30 /* CustomDatePicker.swift */,
				35405E2E2C593D03004FFB30 /* CalendarView.swift */,
				35405DE32C540FD7004FFB30 /* Preview Assets.xcassets */,
				35405DE02C540FD7004FFB30 /* Assets.xcassets */,
				35405DE22C540FD7004FFB30 /* Preview Content */,
			);
			path = "Group 1 Final project";
			sourceTree = "<group>";
		};
		35405DE22C540FD7004FFB30 /* Preview Content */ = {
			isa = PBXGroup;
			children = (
			);
			path = "Preview Content";
			sourceTree = "<group>";
		};
		35405E302C593EB2004FFB30 /* View */ = {
			isa = PBXGroup;
			children = (
				35405E322C593EFF004FFB30 /* Home.swift */,
				3571059F2C5BD1070067A193 /* JournalView.swift */,
				357105A32C5D0AE20067A193 /* ToDoView.swift */,
				357105A72C5D0B450067A193 /* NewToDoView.swift */,
				357105A52C5D0B0B0067A193 /* ToDoItem.swift */,
			);
			path = View;
			sourceTree = "<group>";
		};
		35405E312C593EC7004FFB30 /* Model */ = {
			isa = PBXGroup;
			children = (
				35405E362C5953F5004FFB30 /* DateValue.swift */,
				357105992C5A733C0067A193 /* Task.swift */,
			);
			path = Model;
			sourceTree = "<group>";
		};
/* End PBXGroup section */

/* Begin PBXNativeTarget section */
		35405DD82C540FD4004FFB30 /* Group 1 Final project */ = {
			isa = PBXNativeTarget;
			buildConfigurationList = 35405DE72C540FD7004FFB30 /* Build configuration list for PBXNativeTarget "Group 1 Final project" */;
			buildPhases = (
				35405DD52C540FD4004FFB30 /* Sources */,
				35405DD62C540FD4004FFB30 /* Frameworks */,
				35405DD72C540FD4004FFB30 /* Resources */,
			);
			buildRules = (
			);
			dependencies = (
			);
			name = "Group 1 Final project";
			productName = "Group 1 Final project";
			productReference = 35405DD92C540FD4004FFB30 /* Group 1 Final project.app */;
			productType = "com.apple.product-type.application";
		};
/* End PBXNativeTarget section */

/* Begin PBXProject section */
		35405DD12C540FD4004FFB30 /* Project object */ = {
			isa = PBXProject;
			attributes = {
				BuildIndependentTargetsInParallel = 1;
				LastSwiftUpdateCheck = 1540;
				LastUpgradeCheck = 1540;
				TargetAttributes = {
					35405DD82C540FD4004FFB30 = {
						CreatedOnToolsVersion = 15.4;
					};
				};
			};
			buildConfigurationList = 35405DD42C540FD4004FFB30 /* Build configuration list for PBXProject "Group 1 Final project" */;
			compatibilityVersion = "Xcode 14.0";
			developmentRegion = en;
			hasScannedForEncodings = 0;
			knownRegions = (
				en,
				Base,
			);
			mainGroup = 35405DD02C540FD4004FFB30;
			productRefGroup = 35405DDA2C540FD4004FFB30 /* Products */;
			projectDirPath = "";
			projectRoot = "";
			targets = (
				35405DD82C540FD4004FFB30 /* Group 1 Final project */,
			);
		};
/* End PBXProject section */

/* Begin PBXResourcesBuildPhase section */
		35405DD72C540FD4004FFB30 /* Resources */ = {
			isa = PBXResourcesBuildPhase;
			buildActionMask = 2147483647;
			files = (
				35405DE42C540FD7004FFB30 /* Preview Assets.xcassets in Resources */,
				35405DE12C540FD7004FFB30 /* Assets.xcassets in Resources */,
			);
			runOnlyForDeploymentPostprocessing = 0;
		};
/* End PBXResourcesBuildPhase section */

/* Begin PBXSourcesBuildPhase section */
		35405DD52C540FD4004FFB30 /* Sources */ = {
			isa = PBXSourcesBuildPhase;
			buildActionMask = 2147483647;
			files = (
				357105A82C5D0B450067A193 /* NewToDoView.swift in Sources */,
				35405E352C593FC1004FFB30 /* CustomDatePicker.swift in Sources */,
				35405DDF2C540FD4004FFB30 /* ContentView.swift in Sources */,
				357105A62C5D0B0B0067A193 /* ToDoItem.swift in Sources */,
				357105A02C5BD1070067A193 /* JournalView.swift in Sources */,
				35405DDD2C540FD4004FFB30 /* Group_1_Final_projectApp.swift in Sources */,
				35405E372C5953F5004FFB30 /* DateValue.swift in Sources */,
				35405E332C593EFF004FFB30 /* Home.swift in Sources */,
				3571059A2C5A733C0067A193 /* Task.swift in Sources */,
				357105A42C5D0AE20067A193 /* ToDoView.swift in Sources */,
				35405E2F2C593D03004FFB30 /* CalendarView.swift in Sources */,
			);
			runOnlyForDeploymentPostprocessing = 0;
		};
/* End PBXSourcesBuildPhase section */

/* Begin XCBuildConfiguration section */
		35405DE52C540FD7004FFB30 /* Debug */ = {
			isa = XCBuildConfiguration;
			buildSettings = {
				ALWAYS_SEARCH_USER_PATHS = NO;
				ASSETCATALOG_COMPILER_GENERATE_SWIFT_ASSET_SYMBOL_EXTENSIONS = YES;
				CLANG_ANALYZER_NONNULL = YES;
				CLANG_ANALYZER_NUMBER_OBJECT_CONVERSION = YES_AGGRESSIVE;
				CLANG_CXX_LANGUAGE_STANDARD = "gnu++20";
				CLANG_ENABLE_MODULES = YES;
				CLANG_ENABLE_OBJC_ARC = YES;
				CLANG_ENABLE_OBJC_WEAK = YES;
				CLANG_WARN_BLOCK_CAPTURE_AUTORELEASING = YES;
				CLANG_WARN_BOOL_CONVERSION = YES;
				CLANG_WARN_COMMA = YES;
				CLANG_WARN_CONSTANT_CONVERSION = YES;
				CLANG_WARN_DEPRECATED_OBJC_IMPLEMENTATIONS = YES;
				CLANG_WARN_DIRECT_OBJC_ISA_USAGE = YES_ERROR;
				CLANG_WARN_DOCUMENTATION_COMMENTS = YES;
				CLANG_WARN_EMPTY_BODY = YES;
				CLANG_WARN_ENUM_CONVERSION = YES;
				CLANG_WARN_INFINITE_RECURSION = YES;
				CLANG_WARN_INT_CONVERSION = YES;
				CLANG_WARN_NON_LITERAL_NULL_CONVERSION = YES;
				CLANG_WARN_OBJC_IMPLICIT_RETAIN_SELF = YES;
				CLANG_WARN_OBJC_LITERAL_CONVERSION = YES;
				CLANG_WARN_OBJC_ROOT_CLASS = YES_ERROR;
				CLANG_WARN_QUOTED_INCLUDE_IN_FRAMEWORK_HEADER = YES;
				CLANG_WARN_RANGE_LOOP_ANALYSIS = YES;
				CLANG_WARN_STRICT_PROTOTYPES = YES;
				CLANG_WARN_SUSPICIOUS_MOVE = YES;
				CLANG_WARN_UNGUARDED_AVAILABILITY = YES_AGGRESSIVE;
				CLANG_WARN_UNREACHABLE_CODE = YES;
				CLANG_WARN__DUPLICATE_METHOD_MATCH = YES;
				COPY_PHASE_STRIP = NO;
				DEBUG_INFORMATION_FORMAT = dwarf;
				ENABLE_STRICT_OBJC_MSGSEND = YES;
				ENABLE_TESTABILITY = YES;
				ENABLE_USER_SCRIPT_SANDBOXING = YES;
				GCC_C_LANGUAGE_STANDARD = gnu17;
				GCC_DYNAMIC_NO_PIC = NO;
				GCC_NO_COMMON_BLOCKS = YES;
				GCC_OPTIMIZATION_LEVEL = 0;
				GCC_PREPROCESSOR_DEFINITIONS = (
					"DEBUG=1",
					"$(inherited)",
				);
				GCC_WARN_64_TO_32_BIT_CONVERSION = YES;
				GCC_WARN_ABOUT_RETURN_TYPE = YES_ERROR;
				GCC_WARN_UNDECLARED_SELECTOR = YES;
				GCC_WARN_UNINITIALIZED_AUTOS = YES_AGGRESSIVE;
				GCC_WARN_UNUSED_FUNCTION = YES;
				GCC_WARN_UNUSED_VARIABLE = YES;
				IPHONEOS_DEPLOYMENT_TARGET = 17.5;
				LOCALIZATION_PREFERS_STRING_CATALOGS = YES;
				MTL_ENABLE_DEBUG_INFO = INCLUDE_SOURCE;
				MTL_FAST_MATH = YES;
				ONLY_ACTIVE_ARCH = YES;
				SDKROOT = iphoneos;
				SWIFT_ACTIVE_COMPILATION_CONDITIONS = "DEBUG $(inherited)";
				SWIFT_OPTIMIZATION_LEVEL = "-Onone";
			};
			name = Debug;
		};
		35405DE62C540FD7004FFB30 /* Release */ = {
			isa = XCBuildConfiguration;
			buildSettings = {
				ALWAYS_SEARCH_USER_PATHS = NO;
				ASSETCATALOG_COMPILER_GENERATE_SWIFT_ASSET_SYMBOL_EXTENSIONS = YES;
				CLANG_ANALYZER_NONNULL = YES;
				CLANG_ANALYZER_NUMBER_OBJECT_CONVERSION = YES_AGGRESSIVE;
				CLANG_CXX_LANGUAGE_STANDARD = "gnu++20";
				CLANG_ENABLE_MODULES = YES;
				CLANG_ENABLE_OBJC_ARC = YES;
				CLANG_ENABLE_OBJC_WEAK = YES;
				CLANG_WARN_BLOCK_CAPTURE_AUTORELEASING = YES;
				CLANG_WARN_BOOL_CONVERSION = YES;
				CLANG_WARN_COMMA = YES;
				CLANG_WARN_CONSTANT_CONVERSION = YES;
				CLANG_WARN_DEPRECATED_OBJC_IMPLEMENTATIONS = YES;
				CLANG_WARN_DIRECT_OBJC_ISA_USAGE = YES_ERROR;
				CLANG_WARN_DOCUMENTATION_COMMENTS = YES;
				CLANG_WARN_EMPTY_BODY = YES;
				CLANG_WARN_ENUM_CONVERSION = YES;
				CLANG_WARN_INFINITE_RECURSION = YES;
				CLANG_WARN_INT_CONVERSION = YES;
				CLANG_WARN_NON_LITERAL_NULL_CONVERSION = YES;
				CLANG_WARN_OBJC_IMPLICIT_RETAIN_SELF = YES;
				CLANG_WARN_OBJC_LITERAL_CONVERSION = YES;
				CLANG_WARN_OBJC_ROOT_CLASS = YES_ERROR;
				CLANG_WARN_QUOTED_INCLUDE_IN_FRAMEWORK_HEADER = YES;
				CLANG_WARN_RANGE_LOOP_ANALYSIS = YES;
				CLANG_WARN_STRICT_PROTOTYPES = YES;
				CLANG_WARN_SUSPICIOUS_MOVE = YES;
				CLANG_WARN_UNGUARDED_AVAILABILITY = YES_AGGRESSIVE;
				CLANG_WARN_UNREACHABLE_CODE = YES;
				CLANG_WARN__DUPLICATE_METHOD_MATCH = YES;
				COPY_PHASE_STRIP = NO;
				DEBUG_INFORMATION_FORMAT = "dwarf-with-dsym";
				ENABLE_NS_ASSERTIONS = NO;
				ENABLE_STRICT_OBJC_MSGSEND = YES;
				ENABLE_USER_SCRIPT_SANDBOXING = YES;
				GCC_C_LANGUAGE_STANDARD = gnu17;
				GCC_NO_COMMON_BLOCKS = YES;
				GCC_WARN_64_TO_32_BIT_CONVERSION = YES;
				GCC_WARN_ABOUT_RETURN_TYPE = YES_ERROR;
				GCC_WARN_UNDECLARED_SELECTOR = YES;
				GCC_WARN_UNINITIALIZED_AUTOS = YES_AGGRESSIVE;
				GCC_WARN_UNUSED_FUNCTION = YES;
				GCC_WARN_UNUSED_VARIABLE = YES;
				IPHONEOS_DEPLOYMENT_TARGET = 17.5;
				LOCALIZATION_PREFERS_STRING_CATALOGS = YES;
				MTL_ENABLE_DEBUG_INFO = NO;
				MTL_FAST_MATH = YES;
				SDKROOT = iphoneos;
				SWIFT_COMPILATION_MODE = wholemodule;
				VALIDATE_PRODUCT = YES;
			};
			name = Release;
		};
		35405DE82C540FD7004FFB30 /* Debug */ = {
			isa = XCBuildConfiguration;
			buildSettings = {
				ASSETCATALOG_COMPILER_APPICON_NAME = AppIcon;
				ASSETCATALOG_COMPILER_GLOBAL_ACCENT_COLOR_NAME = AccentColor;
				CODE_SIGN_STYLE = Automatic;
				CURRENT_PROJECT_VERSION = 1;
				DEVELOPMENT_ASSET_PATHS = "\"Group 1 Final project/Preview Content\"";
				ENABLE_PREVIEWS = YES;
				GENERATE_INFOPLIST_FILE = YES;
				INFOPLIST_KEY_UIApplicationSceneManifest_Generation = YES;
				INFOPLIST_KEY_UIApplicationSupportsIndirectInputEvents = YES;
				INFOPLIST_KEY_UILaunchScreen_Generation = YES;
				INFOPLIST_KEY_UISupportedInterfaceOrientations_iPad = "UIInterfaceOrientationPortrait UIInterfaceOrientationPortraitUpsideDown UIInterfaceOrientationLandscapeLeft UIInterfaceOrientationLandscapeRight";
				INFOPLIST_KEY_UISupportedInterfaceOrientations_iPhone = "UIInterfaceOrientationPortrait UIInterfaceOrientationLandscapeLeft UIInterfaceOrientationLandscapeRight";
				LD_RUNPATH_SEARCH_PATHS = (
					"$(inherited)",
					"@executable_path/Frameworks",
				);
				MARKETING_VERSION = 1.0;
				PRODUCT_BUNDLE_IDENTIFIER = "KWK.Group-1-Final-project";
				PRODUCT_NAME = "$(TARGET_NAME)";
				SWIFT_EMIT_LOC_STRINGS = YES;
				SWIFT_VERSION = 5.0;
				TARGETED_DEVICE_FAMILY = "1,2";
			};
			name = Debug;
		};
		35405DE92C540FD7004FFB30 /* Release */ = {
			isa = XCBuildConfiguration;
			buildSettings = {
				ASSETCATALOG_COMPILER_APPICON_NAME = AppIcon;
				ASSETCATALOG_COMPILER_GLOBAL_ACCENT_COLOR_NAME = AccentColor;
				CODE_SIGN_STYLE = Automatic;
				CURRENT_PROJECT_VERSION = 1;
				DEVELOPMENT_ASSET_PATHS = "\"Group 1 Final project/Preview Content\"";
				ENABLE_PREVIEWS = YES;
				GENERATE_INFOPLIST_FILE = YES;
				INFOPLIST_KEY_UIApplicationSceneManifest_Generation = YES;
				INFOPLIST_KEY_UIApplicationSupportsIndirectInputEvents = YES;
				INFOPLIST_KEY_UILaunchScreen_Generation = YES;
				INFOPLIST_KEY_UISupportedInterfaceOrientations_iPad = "UIInterfaceOrientationPortrait UIInterfaceOrientationPortraitUpsideDown UIInterfaceOrientationLandscapeLeft UIInterfaceOrientationLandscapeRight";
				INFOPLIST_KEY_UISupportedInterfaceOrientations_iPhone = "UIInterfaceOrientationPortrait UIInterfaceOrientationLandscapeLeft UIInterfaceOrientationLandscapeRight";
				LD_RUNPATH_SEARCH_PATHS = (
					"$(inherited)",
					"@executable_path/Frameworks",
				);
				MARKETING_VERSION = 1.0;
				PRODUCT_BUNDLE_IDENTIFIER = "KWK.Group-1-Final-project";
				PRODUCT_NAME = "$(TARGET_NAME)";
				SWIFT_EMIT_LOC_STRINGS = YES;
				SWIFT_VERSION = 5.0;
				TARGETED_DEVICE_FAMILY = "1,2";
			};
			name = Release;
		};
/* End XCBuildConfiguration section */

/* Begin XCConfigurationList section */
		35405DD42C540FD4004FFB30 /* Build configuration list for PBXProject "Group 1 Final project" */ = {
			isa = XCConfigurationList;
			buildConfigurations = (
				35405DE52C540FD7004FFB30 /* Debug */,
				35405DE62C540FD7004FFB30 /* Release */,
			);
			defaultConfigurationIsVisible = 0;
			defaultConfigurationName = Release;
		};
		35405DE72C540FD7004FFB30 /* Build configuration list for PBXNativeTarget "Group 1 Final project" */ = {
			isa = XCConfigurationList;
			buildConfigurations = (
				35405DE82C540FD7004FFB30 /* Debug */,
				35405DE92C540FD7004FFB30 /* Release */,
			);
			defaultConfigurationIsVisible = 0;
			defaultConfigurationName = Release;
		};
/* End XCConfigurationList section */
	};
	rootObject = 35405DD12C540FD4004FFB30 /* Project object */;
}
